<?xml version="1.0" encoding="utf-8"?>
<Project ToolsVersion="4.0" xmlns="http://schemas.microsoft.com/developer/msbuild/2003">
  <ItemGroup>
    <Filter Include="源文件">
      <UniqueIdentifier>{4FC737F1-C7A5-4376-A066-2A32D752A2FF}</UniqueIdentifier>
      <Extensions>cpp;c;cc;cxx;def;odl;idl;hpj;bat;asm;asmx</Extensions>
    </Filter>
    <Filter Include="头文件">
      <UniqueIdentifier>{93995380-89BD-4b04-88EB-625FBE52EBFB}</UniqueIdentifier>
      <Extensions>h;hpp;hxx;hm;inl;inc;xsd</Extensions>
    </Filter>
    <Filter Include="资源文件">
      <UniqueIdentifier>{67DA6AB6-F800-4c08-8B7A-83BB121AAD01}</UniqueIdentifier>
      <Extensions>rc;ico;cur;bmp;dlg;rc2;rct;bin;rgs;gif;jpg;jpeg;jpe;resx;tiff;tif;png;wav;mfcribbon-ms</Extensions>
    </Filter>
  </ItemGroup>
  <ItemGroup>
    <ClCompile Include="main.cpp">
      <Filter>源文件</Filter>
    </ClCompile>
    <ClCompile Include="stdafx.cpp">
      <Filter>源文件</Filter>
    </ClCompile>
    <ClCompile Include="..\..\..\Source\DX9\ASCDX9Common.cpp">
      <Filter>源文件</Filter>
    </ClCompile>
    <ClCompile Include="..\..\..\Source\DX9\ASCDX9Provider.cpp">
      <Filter>源文件</Filter>
    </ClCompile>
    <ClCompile Include="..\..\..\Source\ASCCanvas.cpp">
      <Filter>源文件</Filter>
    </ClCompile>
    <ClCompile Include="..\..\..\Source\ASCEvents.cpp">
      <Filter>源文件</Filter>
    </ClCompile>
    <ClCompile Include="..\..\..\Source\ASCSwapChains.cpp">
      <Filter>源文件</Filter>
    </ClCompile>
    <ClCompile Include="..\..\..\Source\ASCFormatInfo.cpp">
      <Filter>源文件</Filter>
    </ClCompile>
    <ClCompile Include="..\..\..\Source\ASCPixelFormats.cpp">
      <Filter>源文件</Filter>
    </ClCompile>
    <ClCompile Include="..\..\..\Source\ASCUtils.cpp">
      <Filter>源文件</Filter>
    </ClCompile>
    <ClCompile Include="..\..\..\Source\ASCProvider.cpp">
      <Filter>源文件</Filter>
    </ClCompile>
    <ClCompile Include="..\..\..\Source\ASCEventSystem.cpp">
      <Filter>源文件</Filter>
    </ClCompile>
    <ClCompile Include="..\..\..\Source\ASCWindowsConnector.cpp">
      <Filter>源文件</Filter>
    </ClCompile>
    <ClCompile Include="..\..\..\Source\ASCWindowsTimer.cpp">
      <Filter>源文件</Filter>
    </ClCompile>
    <ClCompile Include="..\..\..\Source\ASCTiming.cpp">
      <Filter>源文件</Filter>
    </ClCompile>
    <ClCompile Include="..\..\..\Source\ASCDevice.cpp">
      <Filter>源文件</Filter>
    </ClCompile>
    <ClCompile Include="..\..\..\Source\ASCStrUtils.cpp">
      <Filter>源文件</Filter>
    </ClCompile>
    <ClCompile Include="..\..\..\Source\ASCTextures.cpp">
      <Filter>源文件</Filter>
    </ClCompile>
    <ClCompile Include="..\..\..\Source\DX9\ASCDX9Textures.cpp">
      <Filter>源文件</Filter>
    </ClCompile>
    <ClCompile Include="..\..\..\Source\ASCPixelFormatConv.cpp">
      <Filter>源文件</Filter>
    </ClCompile>
    <ClCompile Include="..\..\..\Source\DX9\ASCDX9Device.cpp">
      <Filter>源文件</Filter>
    </ClCompile>
    <ClCompile Include="..\..\..\Source\DX9\ASCDX9SwapChains.cpp">
      <Filter>源文件</Filter>
    </ClCompile>
    <ClCompile Include="..\..\..\Source\DX9\ASCDX9Canvas.cpp">
      <Filter>源文件</Filter>
    </ClCompile>
  </ItemGroup>
  <ItemGroup>
    <ClInclude Include="stdafx.h">
      <Filter>头文件</Filter>
    </ClInclude>
    <ClInclude Include="targetver.h">
      <Filter>头文件</Filter>
    </ClInclude>
    <ClInclude Include="..\..\..\Source\DX9\ASCDX9Canvas.h">
      <Filter>头文件</Filter>
    </ClInclude>
    <ClInclude Include="..\..\..\Source\DX9\ASCDX9Common.h">
      <Filter>头文件</Filter>
    </ClInclude>
    <ClInclude Include="..\..\..\Source\DX9\ASCDX9Device.h">
      <Filter>头文件</Filter>
    </ClInclude>
    <ClInclude Include="..\..\..\Source\DX9\ASCDX9Provider.h">
      <Filter>头文件</Filter>
    </ClInclude>
    <ClInclude Include="..\..\..\Source\DX9\ASCDX9SwapChains.h">
      <Filter>头文件</Filter>
    </ClInclude>
    <ClInclude Include="..\..\..\Source\DX9\ASCDX9Textures.h">
      <Filter>头文件</Filter>
    </ClInclude>
    <ClInclude Include="..\..\..\Source\ASCCanvas.h">
      <Filter>头文件</Filter>
    </ClInclude>
    <ClInclude Include="..\..\..\Source\ASCConsts.h">
      <Filter>头文件</Filter>
    </ClInclude>
    <ClInclude Include="..\..\..\Source\ASCDevice.h">
      <Filter>头文件</Filter>
    </ClInclude>
    <ClInclude Include="..\..\..\Source\ASCEvents.h">
      <Filter>头文件</Filter>
    </ClInclude>
    <ClInclude Include="..\..\..\Source\ASCFloatVector2D.h">
      <Filter>头文件</Filter>
    </ClInclude>
    <ClInclude Include="..\..\..\Source\ASCFormatInfo.h">
      <Filter>头文件</Filter>
    </ClInclude>
    <ClInclude Include="..\..\..\Source\ASCIntVector2D.h">
      <Filter>头文件</Filter>
    </ClInclude>
    <ClInclude Include="..\..\..\Source\ASCPixelFormatConv.h">
      <Filter>头文件</Filter>
    </ClInclude>
    <ClInclude Include="..\..\..\Source\ASCPixelFormats.h">
      <Filter>头文件</Filter>
    </ClInclude>
    <ClInclude Include="..\..\..\Source\ASCProvider.h">
      <Filter>头文件</Filter>
    </ClInclude>
    <ClInclude Include="..\..\..\Source\ASCSwapChains.h">
      <Filter>头文件</Filter>
    </ClInclude>
    <ClInclude Include="..\..\..\Source\ASCTextures.h">
      <Filter>头文件</Filter>
    </ClInclude>
    <ClInclude Include="..\..\..\Source\ASCTypes.h">
      <Filter>头文件</Filter>
    </ClInclude>
    <ClInclude Include="..\..\..\Source\ASCUtils.h">
      <Filter>头文件</Filter>
    </ClInclude>
    <ClInclude Include="..\..\..\Source\ASCEventSystem.h">
      <Filter>头文件</Filter>
    </ClInclude>
    <ClInclude Include="..\..\..\Source\ASCWindowsConnector.h">
      <Filter>头文件</Filter>
    </ClInclude>
    <ClInclude Include="..\..\..\Source\ASCWindowsTimer.h">
      <Filter>头文件</Filter>
    </ClInclude>
    <ClInclude Include="..\..\..\Source\ASCTiming.h">
      <Filter>头文件</Filter>
    </ClInclude>
    <ClInclude Include="..\..\..\Source\ASCStrUtils.h">
      <Filter>头文件</Filter>
    </ClInclude>
  </ItemGroup>
</Project>